
Microsoft Visual Studio Solution File, Format Version 12.00
# Visual Studio Version 16
VisualStudioVersion = 16.0.32106.194
MinimumVisualStudioVersion = 10.0.40219.1
Project("{FAE04EC0-301F-11D3-BF4B-00C04F79EFBC}") = "Employment.Android", "Employment\Employment.Android\Employment.Android.csproj", "{187DB637-7031-4432-8EEF-E06060D16AB1}"
EndProject
Project("{FAE04EC0-301F-11D3-BF4B-00C04F79EFBC}") = "Employment.iOS", "Employment\Employment.iOS\Employment.iOS.csproj", "{3EEB9CC2-3A62-49BB-A4AC-16074883DB1D}"
EndProject
Project("{FAE04EC0-301F-11D3-BF4B-00C04F79EFBC}") = "Employment", "Employment\Employment\Employment.csproj", "{AF27C346-D9E8-467B-AFDC-B76A8CFA3BE1}"
EndProject
Global
	GlobalSection(SolutionConfigurationPlatforms) = preSolution
		Debug|Any CPU = Debug|Any CPU
		Debug|iPhone = Debug|iPhone
		Debug|iPhoneSimulator = Debug|iPhoneSimulator
		Release|Any CPU = Release|Any CPU
		Release|iPhone = Release|iPhone
		Release|iPhoneSimulator = Release|iPhoneSimulator
	EndGlobalSection
	GlobalSection(ProjectConfigurationPlatforms) = postSolution
		{187DB637-7031-4432-8EEF-E06060D16AB1}.Debug|Any CPU.ActiveCfg = Debug|Any CPU
		{187DB637-7031-4432-8EEF-E06060D16AB1}.Debug|Any CPU.Build.0 = Debug|Any CPU
		{187DB637-7031-4432-8EEF-E06060D16AB1}.Debug|Any CPU.Deploy.0 = Debug|Any CPU
		{187DB637-7031-4432-8EEF-E06060D16AB1}.Debug|iPhone.ActiveCfg = Debug|Any CPU
		{187DB637-7031-4432-8EEF-E06060D16AB1}.Debug|iPhone.Build.0 = Debug|Any CPU
		{187DB637-7031-4432-8EEF-E06060D16AB1}.Debug|iPhone.Deploy.0 = Debug|Any CPU
		{187DB637-7031-4432-8EEF-E06060D16AB1}.Debug|iPhoneSimulator.ActiveCfg = Debug|Any CPU
		{187DB637-7031-4432-8EEF-E06060D16AB1}.Debug|iPhoneSimulator.Build.0 = Debug|Any CPU
		{187DB637-7031-4432-8EEF-E06060D16AB1}.Debug|iPhoneSimulator.Deploy.0 = Debug|Any CPU
		{187DB637-7031-4432-8EEF-E06060D16AB1}.Release|Any CPU.ActiveCfg = Release|Any CPU
		{187DB637-7031-4432-8EEF-E06060D16AB1}.Release|Any CPU.Build.0 = Release|Any CPU
		{187DB637-7031-4432-8EEF-E06060D16AB1}.Release|Any CPU.Deploy.0 = Release|Any CPU
		{187DB637-7031-4432-8EEF-E06060D16AB1}.Release|iPhone.ActiveCfg = Release|Any CPU
		{187DB637-7031-4432-8EEF-E06060D16AB1}.Release|iPhone.Build.0 = Release|Any CPU
		{187DB637-7031-4432-8EEF-E06060D16AB1}.Release|iPhone.Deploy.0 = Release|Any CPU
		{187DB637-7031-4432-8EEF-E06060D16AB1}.Release|iPhoneSimulator.ActiveCfg = Release|Any CPU
		{187DB637-7031-4432-8EEF-E06060D16AB1}.Release|iPhoneSimulator.Build.0 = Release|Any CPU
		{187DB637-7031-4432-8EEF-E06060D16AB1}.Release|iPhoneSimulator.Deploy.0 = Release|Any CPU
		{3EEB9CC2-3A62-49BB-A4AC-16074883DB1D}.Debug|Any CPU.ActiveCfg = Debug|iPhone
		{3EEB9CC2-3A62-49BB-A4AC-16074883DB1D}.Debug|Any CPU.Build.0 = Debug|iPhone
		{3EEB9CC2-3A62-49BB-A4AC-16074883DB1D}.Debug|Any CPU.Deploy.0 = Debug|iPhone
		{3EEB9CC2-3A62-49BB-A4AC-16074883DB1D}.Debug|iPhone.ActiveCfg = Debug|iPhone
		{3EEB9CC2-3A62-49BB-A4AC-16074883DB1D}.Debug|iPhone.Build.0 = Debug|iPhone
		{3EEB9CC2-3A62-49BB-A4AC-16074883DB1D}.Debug|iPhone.Deploy.0 = Debug|iPhone
		{3EEB9CC2-3A62-49BB-A4AC-16074883DB1D}.Debug|iPhoneSimulator.ActiveCfg = Debug|iPhoneSimulator
		{3EEB9CC2-3A62-49BB-A4AC-16074883DB1D}.Debug|iPhoneSimulator.Build.0 = Debug|iPhoneSimulator
		{3EEB9CC2-3A62-49BB-A4AC-16074883DB1D}.Debug|iPhoneSimulator.Deploy.0 = Debug|iPhoneSimulator
		{3EEB9CC2-3A62-49BB-A4AC-16074883DB1D}.Release|Any CPU.ActiveCfg = Release|iPhoneSimulator
		{3EEB9CC2-3A62-49BB-A4AC-16074883DB1D}.Release|Any CPU.Build.0 = Release|iPhoneSimulator
		{3EEB9CC2-3A62-49BB-A4AC-16074883DB1D}.Release|Any CPU.Deploy.0 = Release|iPhoneSimulator
		{3EEB9CC2-3A62-49BB-A4AC-16074883DB1D}.Release|iPhone.ActiveCfg = Release|iPhone
		{3EEB9CC2-3A62-49BB-A4AC-16074883DB1D}.Release|iPhone.Build.0 = Release|iPhone
		{3EEB9CC2-3A62-49BB-A4AC-16074883DB1D}.Release|iPhone.Deploy.0 = Release|iPhone
		{3EEB9CC2-3A62-49BB-A4AC-16074883DB1D}.Release|iPhoneSimulator.ActiveCfg = Release|iPhoneSimulator
		{3EEB9CC2-3A62-49BB-A4AC-16074883DB1D}.Release|iPhoneSimulator.Build.0 = Release|iPhoneSimulator
		{3EEB9CC2-3A62-49BB-A4AC-16074883DB1D}.Release|iPhoneSimulator.Deploy.0 = Release|iPhoneSimulator
		{AF27C346-D9E8-467B-AFDC-B76A8CFA3BE1}.Debug|Any CPU.ActiveCfg = Debug|Any CPU
		{AF27C346-D9E8-467B-AFDC-B76A8CFA3BE1}.Debug|Any CPU.Build.0 = Debug|Any CPU
		{AF27C346-D9E8-467B-AFDC-B76A8CFA3BE1}.Debug|Any CPU.Deploy.0 = Debug|Any CPU
		{AF27C346-D9E8-467B-AFDC-B76A8CFA3BE1}.Debug|iPhone.ActiveCfg = Debug|Any CPU
		{AF27C346-D9E8-467B-AFDC-B76A8CFA3BE1}.Debug|iPhone.Build.0 = Debug|Any CPU
		{AF27C346-D9E8-467B-AFDC-B76A8CFA3BE1}.Debug|iPhone.Deploy.0 = Debug|Any CPU
		{AF27C346-D9E8-467B-AFDC-B76A8CFA3BE1}.Debug|iPhoneSimulator.ActiveCfg = Debug|Any CPU
		{AF27C346-D9E8-467B-AFDC-B76A8CFA3BE1}.Debug|iPhoneSimulator.Build.0 = Debug|Any CPU
		{AF27C346-D9E8-467B-AFDC-B76A8CFA3BE1}.Debug|iPhoneSimulator.Deploy.0 = Debug|Any CPU
		{AF27C346-D9E8-467B-AFDC-B76A8CFA3BE1}.Release|Any CPU.ActiveCfg = Release|Any CPU
		{AF27C346-D9E8-467B-AFDC-B76A8CFA3BE1}.Release|Any CPU.Build.0 = Release|Any CPU
		{AF27C346-D9E8-467B-AFDC-B76A8CFA3BE1}.Release|Any CPU.Deploy.0 = Release|Any CPU
		{AF27C346-D9E8-467B-AFDC-B76A8CFA3BE1}.Release|iPhone.ActiveCfg = Release|Any CPU
		{AF27C346-D9E8-467B-AFDC-B76A8CFA3BE1}.Release|iPhone.Build.0 = Release|Any CPU
		{AF27C346-D9E8-467B-AFDC-B76A8CFA3BE1}.Release|iPhone.Deploy.0 = Release|Any CPU
		{AF27C346-D9E8-467B-AFDC-B76A8CFA3BE1}.Release|iPhoneSimulator.ActiveCfg = Release|Any CPU
		{AF27C346-D9E8-467B-AFDC-B76A8CFA3BE1}.Release|iPhoneSimulator.Build.0 = Release|Any CPU
		{AF27C346-D9E8-467B-AFDC-B76A8CFA3BE1}.Release|iPhoneSimulator.Deploy.0 = Release|Any CPU
	EndGlobalSection
	GlobalSection(SolutionProperties) = preSolution
		HideSolutionNode = FALSE
	EndGlobalSection
	GlobalSection(ExtensibilityGlobals) = postSolution
		SolutionGuid = {5B92B10A-4657-46CC-8A60-E32C3642B5CB}
	EndGlobalSection
EndGlobal
